
Microsoft Visual Studio Solution File, Format Version 12.00
# Visual Studio Version 17
VisualStudioVersion = 17.14.36119.2 d17.14
MinimumVisualStudioVersion = 10.0.40219.1
Project("{FAE04EC0-301F-11D3-BF4B-00C04F79EFBC}") = "Final", "Final\Final.csproj", "{A45397B4-5F3C-491F-8816-EA99EBAF393C}"
EndProject
Global
	GlobalSection(SolutionConfigurationPlatforms) = preSolution
		Debug|Any CPU = Debug|Any CPU
		Release|Any CPU = Release|Any CPU
	EndGlobalSection
	GlobalSection(ProjectConfigurationPlatforms) = postSolution
		{A45397B4-5F3C-491F-8816-EA99EBAF393C}.Debug|Any CPU.ActiveCfg = Debug|Any CPU
		{A45397B4-5F3C-491F-8816-EA99EBAF393C}.Debug|Any CPU.Build.0 = Debug|Any CPU
		{A45397B4-5F3C-491F-8816-EA99EBAF393C}.Release|Any CPU.ActiveCfg = Release|Any CPU
		{A45397B4-5F3C-491F-8816-EA99EBAF393C}.Release|Any CPU.Build.0 = Release|Any CPU
	EndGlobalSection
	GlobalSection(SolutionProperties) = preSolution
		HideSolutionNode = FALSE
	EndGlobalSection
	GlobalSection(ExtensibilityGlobals) = postSolution
		SolutionGuid = {F6FA4F75-C056-4804-8C3F-B8C43F5762F3}
	EndGlobalSection
EndGlobal
